
Microsoft Visual Studio Solution File, Format Version 12.00
# Visual Studio Version 17
VisualStudioVersion = 17.6.33712.159
MinimumVisualStudioVersion = 10.0.40219.1
Project("{FAE04EC0-301F-11D3-BF4B-00C04F79EFBC}") = "ShopApp", "ShopApp\ShopApp.csproj", "{FB65CFEA-7256-41F7-8C33-B620BA1B349C}"
EndProject
Project("{FAE04EC0-301F-11D3-BF4B-00C04F79EFBC}") = "ShopLibrary", "ShopLibrary\ShopLibrary.csproj", "{F40DF72A-66DB-4E80-8EA6-AFFFF800B6E8}"
EndProject
Global
	GlobalSection(SolutionConfigurationPlatforms) = preSolution
		Debug|Any CPU = Debug|Any CPU
		Release|Any CPU = Release|Any CPU
	EndGlobalSection
	GlobalSection(ProjectConfigurationPlatforms) = postSolution
		{FB65CFEA-7256-41F7-8C33-B620BA1B349C}.Debug|Any CPU.ActiveCfg = Debug|Any CPU
		{FB65CFEA-7256-41F7-8C33-B620BA1B349C}.Debug|Any CPU.Build.0 = Debug|Any CPU
		{FB65CFEA-7256-41F7-8C33-B620BA1B349C}.Release|Any CPU.ActiveCfg = Release|Any CPU
		{FB65CFEA-7256-41F7-8C33-B620BA1B349C}.Release|Any CPU.Build.0 = Release|Any CPU
		{F40DF72A-66DB-4E80-8EA6-AFFFF800B6E8}.Debug|Any CPU.ActiveCfg = Debug|Any CPU
		{F40DF72A-66DB-4E80-8EA6-AFFFF800B6E8}.Debug|Any CPU.Build.0 = Debug|Any CPU
		{F40DF72A-66DB-4E80-8EA6-AFFFF800B6E8}.Release|Any CPU.ActiveCfg = Release|Any CPU
		{F40DF72A-66DB-4E80-8EA6-AFFFF800B6E8}.Release|Any CPU.Build.0 = Release|Any CPU
	EndGlobalSection
	GlobalSection(SolutionProperties) = preSolution
		HideSolutionNode = FALSE
	EndGlobalSection
	GlobalSection(ExtensibilityGlobals) = postSolution
		SolutionGuid = {FE4CA3BD-C8E5-43DA-BFE6-16689E92CAF7}
	EndGlobalSection
EndGlobal
